// !$*UTF8*$!
{
	archiveVersion = 1;
	classes = {
	};
	objectVersion = 55;
	objects = {

/* Begin PBXBuildFile section */
		C329023E294EE5DE00675BFA /* AppDelegate.swift in Sources */ = {isa = PBXBuildFile; fileRef = C329023D294EE5DE00675BFA /* AppDelegate.swift */; };
		C3290240294EE5DE00675BFA /* SceneDelegate.swift in Sources */ = {isa = PBXBuildFile; fileRef = C329023F294EE5DE00675BFA /* SceneDelegate.swift */; };
		C3290242294EE5DE00675BFA /* ViewController.swift in Sources */ = {isa = PBXBuildFile; fileRef = C3290241294EE5DE00675BFA /* ViewController.swift */; };
		C3290245294EE5DE00675BFA /* Main.storyboard in Resources */ = {isa = PBXBuildFile; fileRef = C3290243294EE5DE00675BFA /* Main.storyboard */; };
		C3290247294EE5E000675BFA /* Assets.xcassets in Resources */ = {isa = PBXBuildFile; fileRef = C3290246294EE5E000675BFA /* Assets.xcassets */; };
		C329024A294EE5E000675BFA /* LaunchScreen.storyboard in Resources */ = {isa = PBXBuildFile; fileRef = C3290248294EE5E000675BFA /* LaunchScreen.storyboard */; };
		C3290257294EE63F00675BFA /* TableRoute.swift in Sources */ = {isa = PBXBuildFile; fileRef = C3290252294EE63F00675BFA /* TableRoute.swift */; };
		C3290258294EE63F00675BFA /* TablePresenter.swift in Sources */ = {isa = PBXBuildFile; fileRef = C3290253294EE63F00675BFA /* TablePresenter.swift */; };
		C3290259294EE63F00675BFA /* TableInteractor.swift in Sources */ = {isa = PBXBuildFile; fileRef = C3290254294EE63F00675BFA /* TableInteractor.swift */; };
		C329025A294EE63F00675BFA /* UserEntity.swift in Sources */ = {isa = PBXBuildFile; fileRef = C3290255294EE63F00675BFA /* UserEntity.swift */; };
		C329025B294EE63F00675BFA /* TableView.swift in Sources */ = {isa = PBXBuildFile; fileRef = C3290256294EE63F00675BFA /* TableView.swift */; };
/* End PBXBuildFile section */

/* Begin PBXFileReference section */
		C329023A294EE5DE00675BFA /* TableViewUsingVIPER.app */ = {isa = PBXFileReference; explicitFileType = wrapper.application; includeInIndex = 0; path = TableViewUsingVIPER.app; sourceTree = BUILT_PRODUCTS_DIR; };
		C329023D294EE5DE00675BFA /* AppDelegate.swift */ = {isa = PBXFileReference; lastKnownFileType = sourcecode.swift; path = AppDelegate.swift; sourceTree = "<group>"; };
		C329023F294EE5DE00675BFA /* SceneDelegate.swift */ = {isa = PBXFileReference; lastKnownFileType = sourcecode.swift; path = SceneDelegate.swift; sourceTree = "<group>"; };
		C3290241294EE5DE00675BFA /* ViewController.swift */ = {isa = PBXFileReference; lastKnownFileType = sourcecode.swift; path = ViewController.swift; sourceTree = "<group>"; };
		C3290244294EE5DE00675BFA /* Base */ = {isa = PBXFileReference; lastKnownFileType = file.storyboard; name = Base; path = Base.lproj/Main.storyboard; sourceTree = "<group>"; };
		C3290246294EE5E000675BFA /* Assets.xcassets */ = {isa = PBXFileReference; lastKnownFileType = folder.assetcatalog; path = Assets.xcassets; sourceTree = "<group>"; };
		C3290249294EE5E000675BFA /* Base */ = {isa = PBXFileReference; lastKnownFileType = file.storyboard; name = Base; path = Base.lproj/LaunchScreen.storyboard; sourceTree = "<group>"; };
		C329024B294EE5E000675BFA /* Info.plist */ = {isa = PBXFileReference; lastKnownFileType = text.plist.xml; path = Info.plist; sourceTree = "<group>"; };
		C3290252294EE63F00675BFA /* TableRoute.swift */ = {isa = PBXFileReference; fileEncoding = 4; lastKnownFileType = sourcecode.swift; path = TableRoute.swift; sourceTree = "<group>"; };
		C3290253294EE63F00675BFA /* TablePresenter.swift */ = {isa = PBXFileReference; fileEncoding = 4; lastKnownFileType = sourcecode.swift; path = TablePresenter.swift; sourceTree = "<group>"; };
		C3290254294EE63F00675BFA /* TableInteractor.swift */ = {isa = PBXFileReference; fileEncoding = 4; lastKnownFileType = sourcecode.swift; path = TableInteractor.swift; sourceTree = "<group>"; };
		C3290255294EE63F00675BFA /* UserEntity.swift */ = {isa = PBXFileReference; fileEncoding = 4; lastKnownFileType = sourcecode.swift; path = UserEntity.swift; sourceTree = "<group>"; };
		C3290256294EE63F00675BFA /* TableView.swift */ = {isa = PBXFileReference; fileEncoding = 4; lastKnownFileType = sourcecode.swift; path = TableView.swift; sourceTree = "<group>"; };
/* End PBXFileReference section */

/* Begin PBXFrameworksBuildPhase section */
		C3290237294EE5DE00675BFA /* Frameworks */ = {
			isa = PBXFrameworksBuildPhase;
			buildActionMask = 2147483647;
			files = (
			);
			runOnlyForDeploymentPostprocessing = 0;
		};
/* End PBXFrameworksBuildPhase section */

/* Begin PBXGroup section */
		C3290231294EE5DE00675BFA = {
			isa = PBXGroup;
			children = (
				C329023C294EE5DE00675BFA /* TableViewUsingVIPER */,
				C329023B294EE5DE00675BFA /* Products */,
			);
			sourceTree = "<group>";
		};
		C329023B294EE5DE00675BFA /* Products */ = {
			isa = PBXGroup;
			children = (
				C329023A294EE5DE00675BFA /* TableViewUsingVIPER.app */,
			);
			name = Products;
			sourceTree = "<group>";
		};
		C329023C294EE5DE00675BFA /* TableViewUsingVIPER */ = {
			isa = PBXGroup;
			children = (
				C329023D294EE5DE00675BFA /* AppDelegate.swift */,
				C329023F294EE5DE00675BFA /* SceneDelegate.swift */,
				C3290241294EE5DE00675BFA /* ViewController.swift */,
				C3290243294EE5DE00675BFA /* Main.storyboard */,
				C3290246294EE5E000675BFA /* Assets.xcassets */,
				C3290248294EE5E000675BFA /* LaunchScreen.storyboard */,
				C329024B294EE5E000675BFA /* Info.plist */,
				C3290251294EE63F00675BFA /* Table */,
			);
			path = TableViewUsingVIPER;
			sourceTree = "<group>";
		};
		C3290251294EE63F00675BFA /* Table */ = {
			isa = PBXGroup;
			children = (
				C3290256294EE63F00675BFA /* TableView.swift */,
				C3290253294EE63F00675BFA /* TablePresenter.swift */,
				C3290254294EE63F00675BFA /* TableInteractor.swift */,
				C3290252294EE63F00675BFA /* TableRoute.swift */,
				C3290255294EE63F00675BFA /* UserEntity.swift */,
			);
			path = Table;
			sourceTree = "<group>";
		};
/* End PBXGroup section */

/* Begin PBXNativeTarget section */
		C3290239294EE5DE00675BFA /* TableViewUsingVIPER */ = {
			isa = PBXNativeTarget;
			buildConfigurationList = C329024E294EE5E000675BFA /* Build configuration list for PBXNativeTarget "TableViewUsingVIPER" */;
			buildPhases = (
				C3290236294EE5DE00675BFA /* Sources */,
				C3290237294EE5DE00675BFA /* Frameworks */,
				C3290238294EE5DE00675BFA /* Resources */,
			);
			buildRules = (
			);
			dependencies = (
			);
			name = TableViewUsingVIPER;
			productName = TableViewUsingVIPER;
			productReference = C329023A294EE5DE00675BFA /* TableViewUsingVIPER.app */;
			productType = "com.apple.product-type.application";
		};
/* End PBXNativeTarget section */

/* Begin PBXProject section */
		C3290232294EE5DE00675BFA /* Project object */ = {
			isa = PBXProject;
			attributes = {
				BuildIndependentTargetsInParallel = 1;
				LastSwiftUpdateCheck = 1340;
				LastUpgradeCheck = 1340;
				TargetAttributes = {
					C3290239294EE5DE00675BFA = {
						CreatedOnToolsVersion = 13.4.1;
					};
				};
			};
			buildConfigurationList = C3290235294EE5DE00675BFA /* Build configuration list for PBXProject "TableViewUsingVIPER" */;
			compatibilityVersion = "Xcode 13.0";
			developmentRegion = en;
			hasScannedForEncodings = 0;
			knownRegions = (
				en,
				Base,
			);
			mainGroup = C3290231294EE5DE00675BFA;
			productRefGroup = C329023B294EE5DE00675BFA /* Products */;
			projectDirPath = "";
			projectRoot = "";
			targets = (
				C3290239294EE5DE00675BFA /* TableViewUsingVIPER */,
			);
		};
/* End PBXProject section */

/* Begin PBXResourcesBuildPhase section */
		C3290238294EE5DE00675BFA /* Resources */ = {
			isa = PBXResourcesBuildPhase;
			buildActionMask = 2147483647;
			files = (
				C329024A294EE5E000675BFA /* LaunchScreen.storyboard in Resources */,
				C3290247294EE5E000675BFA /* Assets.xcassets in Resources */,
				C3290245294EE5DE00675BFA /* Main.storyboard in Resources */,
			);
			runOnlyForDeploymentPostprocessing = 0;
		};
/* End PBXResourcesBuildPhase section */

/* Begin PBXSourcesBuildPhase section */
		C3290236294EE5DE00675BFA /* Sources */ = {
			isa = PBXSourcesBuildPhase;
			buildActionMask = 2147483647;
			files = (
				C3290242294EE5DE00675BFA /* ViewController.swift in Sources */,
				C3290258294EE63F00675BFA /* TablePresenter.swift in Sources */,
				C3290257294EE63F00675BFA /* TableRoute.swift in Sources */,
				C329025A294EE63F00675BFA /* UserEntity.swift in Sources */,
				C3290259294EE63F00675BFA /* TableInteractor.swift in Sources */,
				C329023E294EE5DE00675BFA /* AppDelegate.swift in Sources */,
				C3290240294EE5DE00675BFA /* SceneDelegate.swift in Sources */,
				C329025B294EE63F00675BFA /* TableView.swift in Sources */,
			);
			runOnlyForDeploymentPostprocessing = 0;
		};
/* End PBXSourcesBuildPhase section */

/* Begin PBXVariantGroup section */
		C3290243294EE5DE00675BFA /* Main.storyboard */ = {
			isa = PBXVariantGroup;
			children = (
				C3290244294EE5DE00675BFA /* Base */,
			);
			name = Main.storyboard;
			sourceTree = "<group>";
		};
		C3290248294EE5E000675BFA /* LaunchScreen.storyboard */ = {
			isa = PBXVariantGroup;
			children = (
				C3290249294EE5E000675BFA /* Base */,
			);
			name = LaunchScreen.storyboard;
			sourceTree = "<group>";
		};
/* End PBXVariantGroup section */

/* Begin XCBuildConfiguration section */
		C329024C294EE5E000675BFA /* Debug */ = {
			isa = XCBuildConfiguration;
			buildSettings = {
				ALWAYS_SEARCH_USER_PATHS = NO;
				CLANG_ANALYZER_NONNULL = YES;
				CLANG_ANALYZER_NUMBER_OBJECT_CONVERSION = YES_AGGRESSIVE;
				CLANG_CXX_LANGUAGE_STANDARD = "gnu++17";
				CLANG_ENABLE_MODULES = YES;
				CLANG_ENABLE_OBJC_ARC = YES;
				CLANG_ENABLE_OBJC_WEAK = YES;
				CLANG_WARN_BLOCK_CAPTURE_AUTORELEASING = YES;
				CLANG_WARN_BOOL_CONVERSION = YES;
				CLANG_WARN_COMMA = YES;
				CLANG_WARN_CONSTANT_CONVERSION = YES;
				CLANG_WARN_DEPRECATED_OBJC_IMPLEMENTATIONS = YES;
				CLANG_WARN_DIRECT_OBJC_ISA_USAGE = YES_ERROR;
				CLANG_WARN_DOCUMENTATION_COMMENTS = YES;
				CLANG_WARN_EMPTY_BODY = YES;
				CLANG_WARN_ENUM_CONVERSION = YES;
				CLANG_WARN_INFINITE_RECURSION = YES;
				CLANG_WARN_INT_CONVERSION = YES;
				CLANG_WARN_NON_LITERAL_NULL_CONVERSION = YES;
				CLANG_WARN_OBJC_IMPLICIT_RETAIN_SELF = YES;
				CLANG_WARN_OBJC_LITERAL_CONVERSION = YES;
				CLANG_WARN_OBJC_ROOT_CLASS = YES_ERROR;
				CLANG_WARN_QUOTED_INCLUDE_IN_FRAMEWORK_HEADER = YES;
				CLANG_WARN_RANGE_LOOP_ANALYSIS = YES;
				CLANG_WARN_STRICT_PROTOTYPES = YES;
				CLANG_WARN_SUSPICIOUS_MOVE = YES;
				CLANG_WARN_UNGUARDED_AVAILABILITY = YES_AGGRESSIVE;
				CLANG_WARN_UNREACHABLE_CODE = YES;
				CLANG_WARN__DUPLICATE_METHOD_MATCH = YES;
				COPY_PHASE_STRIP = NO;
				DEBUG_INFORMATION_FORMAT = dwarf;
				ENABLE_STRICT_OBJC_MSGSEND = YES;
				ENABLE_TESTABILITY = YES;
				GCC_C_LANGUAGE_STANDARD = gnu11;
				GCC_DYNAMIC_NO_PIC = NO;
				GCC_NO_COMMON_BLOCKS = YES;
				GCC_OPTIMIZATION_LEVEL = 0;
				GCC_PREPROCESSOR_DEFINITIONS = (
					"DEBUG=1",
					"$(inherited)",
				);
				GCC_WARN_64_TO_32_BIT_CONVERSION = YES;
				GCC_WARN_ABOUT_RETURN_TYPE = YES_ERROR;
				GCC_WARN_UNDECLARED_SELECTOR = YES;
				GCC_WARN_UNINITIALIZED_AUTOS = YES_AGGRESSIVE;
				GCC_WARN_UNUSED_FUNCTION = YES;
				GCC_WARN_UNUSED_VARIABLE = YES;
				IPHONEOS_DEPLOYMENT_TARGET = 15.5;
				MTL_ENABLE_DEBUG_INFO = INCLUDE_SOURCE;
				MTL_FAST_MATH = YES;
				ONLY_ACTIVE_ARCH = YES;
				SDKROOT = iphoneos;
				SWIFT_ACTIVE_COMPILATION_CONDITIONS = DEBUG;
				SWIFT_OPTIMIZATION_LEVEL = "-Onone";
			};
			name = Debug;
		};
		C329024D294EE5E000675BFA /* Release */ = {
			isa = XCBuildConfiguration;
			buildSettings = {
				ALWAYS_SEARCH_USER_PATHS = NO;
				CLANG_ANALYZER_NONNULL = YES;
				CLANG_ANALYZER_NUMBER_OBJECT_CONVERSION = YES_AGGRESSIVE;
				CLANG_CXX_LANGUAGE_STANDARD = "gnu++17";
				CLANG_ENABLE_MODULES = YES;
				CLANG_ENABLE_OBJC_ARC = YES;
				CLANG_ENABLE_OBJC_WEAK = YES;
				CLANG_WARN_BLOCK_CAPTURE_AUTORELEASING = YES;
				CLANG_WARN_BOOL_CONVERSION = YES;
				CLANG_WARN_COMMA = YES;
				CLANG_WARN_CONSTANT_CONVERSION = YES;
				CLANG_WARN_DEPRECATED_OBJC_IMPLEMENTATIONS = YES;
				CLANG_WARN_DIRECT_OBJC_ISA_USAGE = YES_ERROR;
				CLANG_WARN_DOCUMENTATION_COMMENTS = YES;
				CLANG_WARN_EMPTY_BODY = YES;
				CLANG_WARN_ENUM_CONVERSION = YES;
				CLANG_WARN_INFINITE_RECURSION = YES;
				CLANG_WARN_INT_CONVERSION = YES;
				CLANG_WARN_NON_LITERAL_NULL_CONVERSION = YES;
				CLANG_WARN_OBJC_IMPLICIT_RETAIN_SELF = YES;
				CLANG_WARN_OBJC_LITERAL_CONVERSION = YES;
				CLANG_WARN_OBJC_ROOT_CLASS = YES_ERROR;
				CLANG_WARN_QUOTED_INCLUDE_IN_FRAMEWORK_HEADER = YES;
				CLANG_WARN_RANGE_LOOP_ANALYSIS = YES;
				CLANG_WARN_STRICT_PROTOTYPES = YES;
				CLANG_WARN_SUSPICIOUS_MOVE = YES;
				CLANG_WARN_UNGUARDED_AVAILABILITY = YES_AGGRESSIVE;
				CLANG_WARN_UNREACHABLE_CODE = YES;
				CLANG_WARN__DUPLICATE_METHOD_MATCH = YES;
				COPY_PHASE_STRIP = NO;
				DEBUG_INFORMATION_FORMAT = "dwarf-with-dsym";
				ENABLE_NS_ASSERTIONS = NO;
				ENABLE_STRICT_OBJC_MSGSEND = YES;
				GCC_C_LANGUAGE_STANDARD = gnu11;
				GCC_NO_COMMON_BLOCKS = YES;
				GCC_WARN_64_TO_32_BIT_CONVERSION = YES;
				GCC_WARN_ABOUT_RETURN_TYPE = YES_ERROR;
				GCC_WARN_UNDECLARED_SELECTOR = YES;
				GCC_WARN_UNINITIALIZED_AUTOS = YES_AGGRESSIVE;
				GCC_WARN_UNUSED_FUNCTION = YES;
				GCC_WARN_UNUSED_VARIABLE = YES;
				IPHONEOS_DEPLOYMENT_TARGET = 15.5;
				MTL_ENABLE_DEBUG_INFO = NO;
				MTL_FAST_MATH = YES;
				SDKROOT = iphoneos;
				SWIFT_COMPILATION_MODE = wholemodule;
				SWIFT_OPTIMIZATION_LEVEL = "-O";
				VALIDATE_PRODUCT = YES;
			};
			name = Release;
		};
		C329024F294EE5E000675BFA /* Debug */ = {
			isa = XCBuildConfiguration;
			buildSettings = {
				ASSETCATALOG_COMPILER_APPICON_NAME = AppIcon;
				ASSETCATALOG_COMPILER_GLOBAL_ACCENT_COLOR_NAME = AccentColor;
				CODE_SIGN_STYLE = Automatic;
				CURRENT_PROJECT_VERSION = 1;
				DEVELOPMENT_TEAM = VWTQSR7SQY;
				GENERATE_INFOPLIST_FILE = YES;
				INFOPLIST_FILE = TableViewUsingVIPER/Info.plist;
				INFOPLIST_KEY_UIApplicationSupportsIndirectInputEvents = YES;
				INFOPLIST_KEY_UILaunchStoryboardName = LaunchScreen;
				INFOPLIST_KEY_UIMainStoryboardFile = Main;
				INFOPLIST_KEY_UISupportedInterfaceOrientations_iPad = "UIInterfaceOrientationPortrait UIInterfaceOrientationPortraitUpsideDown UIInterfaceOrientationLandscapeLeft UIInterfaceOrientationLandscapeRight";
				INFOPLIST_KEY_UISupportedInterfaceOrientations_iPhone = "UIInterfaceOrientationPortrait UIInterfaceOrientationLandscapeLeft UIInterfaceOrientationLandscapeRight";
				LD_RUNPATH_SEARCH_PATHS = (
					"$(inherited)",
					"@executable_path/Frameworks",
				);
				MARKETING_VERSION = 1.0;
				PRODUCT_BUNDLE_IDENTIFIER = ken.TableViewUsingVIPER;
				PRODUCT_NAME = "$(TARGET_NAME)";
				SWIFT_EMIT_LOC_STRINGS = YES;
				SWIFT_VERSION = 5.0;
				TARGETED_DEVICE_FAMILY = "1,2";
			};
			name = Debug;
		};
		C3290250294EE5E000675BFA /* Release */ = {
			isa = XCBuildConfiguration;
			buildSettings = {
				ASSETCATALOG_COMPILER_APPICON_NAME = AppIcon;
				ASSETCATALOG_COMPILER_GLOBAL_ACCENT_COLOR_NAME = AccentColor;
				CODE_SIGN_STYLE = Automatic;
				CURRENT_PROJECT_VERSION = 1;
				DEVELOPMENT_TEAM = VWTQSR7SQY;
				GENERATE_INFOPLIST_FILE = YES;
				INFOPLIST_FILE = TableViewUsingVIPER/Info.plist;
				INFOPLIST_KEY_UIApplicationSupportsIndirectInputEvents = YES;
				INFOPLIST_KEY_UILaunchStoryboardName = LaunchScreen;
				INFOPLIST_KEY_UIMainStoryboardFile = Main;
				INFOPLIST_KEY_UISupportedInterfaceOrientations_iPad = "UIInterfaceOrientationPortrait UIInterfaceOrientationPortraitUpsideDown UIInterfaceOrientationLandscapeLeft UIInterfaceOrientationLandscapeRight";
				INFOPLIST_KEY_UISupportedInterfaceOrientations_iPhone = "UIInterfaceOrientationPortrait UIInterfaceOrientationLandscapeLeft UIInterfaceOrientationLandscapeRight";
				LD_RUNPATH_SEARCH_PATHS = (
					"$(inherited)",
					"@executable_path/Frameworks",
				);
				MARKETING_VERSION = 1.0;
				PRODUCT_BUNDLE_IDENTIFIER = ken.TableViewUsingVIPER;
				PRODUCT_NAME = "$(TARGET_NAME)";
				SWIFT_EMIT_LOC_STRINGS = YES;
				SWIFT_VERSION = 5.0;
				TARGETED_DEVICE_FAMILY = "1,2";
			};
			name = Release;
		};
/* End XCBuildConfiguration section */

/* Begin XCConfigurationList section */
		C3290235294EE5DE00675BFA /* Build configuration list for PBXProject "TableViewUsingVIPER" */ = {
			isa = XCConfigurationList;
			buildConfigurations = (
				C329024C294EE5E000675BFA /* Debug */,
				C329024D294EE5E000675BFA /* Release */,
			);
			defaultConfigurationIsVisible = 0;
			defaultConfigurationName = Release;
		};
		C329024E294EE5E000675BFA /* Build configuration list for PBXNativeTarget "TableViewUsingVIPER" */ = {
			isa = XCConfigurationList;
			buildConfigurations = (
				C329024F294EE5E000675BFA /* Debug */,
				C3290250294EE5E000675BFA /* Release */,
			);
			defaultConfigurationIsVisible = 0;
			defaultConfigurationName = Release;
		};
/* End XCConfigurationList section */
	};
	rootObject = C3290232294EE5DE00675BFA /* Project object */;
}
